{
  "name": "countries",
  "version": "1.0.0",
  "lockfileVersion": 1,
  "requires": true,
  "dependencies": {
    "framework7": {
      "version": "1.6.0",
      "resolved": "https://registry.npmjs.org/framework7/-/framework7-1.6.0.tgz",
      "integrity": "sha1-39mBcIJAdnpes/6EGQeMg7hzm5k="
    }
  }
}
